
Microsoft Visual Studio Solution File, Format Version 12.00
# Visual Studio 15
Project("{FAE04EC0-301F-11D3-BF4B-00C04F79EFBC}") = "Assembly-CSharp", "Assembly-CSharp.csproj", "{7613E80B-2837-CA8C-170B-0F118DCF852A}"
EndProject
Project("{FAE04EC0-301F-11D3-BF4B-00C04F79EFBC}") = "Assembly-CSharp-Editor", "Assembly-CSharp-Editor.csproj", "{31F19AF7-B583-AB3F-19C4-DBACAE7F2981}"
EndProject
Global
	GlobalSection(SolutionConfigurationPlatforms) = preSolution
		Debug|Any CPU = Debug|Any CPU
		Release|Any CPU = Release|Any CPU
	EndGlobalSection
	GlobalSection(ProjectConfigurationPlatforms) = postSolution
		{7613E80B-2837-CA8C-170B-0F118DCF852A}.Debug|Any CPU.ActiveCfg = Debug|Any CPU
		{7613E80B-2837-CA8C-170B-0F118DCF852A}.Debug|Any CPU.Build.0 = Debug|Any CPU
		{7613E80B-2837-CA8C-170B-0F118DCF852A}.Release|Any CPU.ActiveCfg = Release|Any CPU
		{7613E80B-2837-CA8C-170B-0F118DCF852A}.Release|Any CPU.Build.0 = Release|Any CPU
		{31F19AF7-B583-AB3F-19C4-DBACAE7F2981}.Debug|Any CPU.ActiveCfg = Debug|Any CPU
		{31F19AF7-B583-AB3F-19C4-DBACAE7F2981}.Debug|Any CPU.Build.0 = Debug|Any CPU
		{31F19AF7-B583-AB3F-19C4-DBACAE7F2981}.Release|Any CPU.ActiveCfg = Release|Any CPU
		{31F19AF7-B583-AB3F-19C4-DBACAE7F2981}.Release|Any CPU.Build.0 = Release|Any CPU
	EndGlobalSection
	GlobalSection(SolutionProperties) = preSolution
		HideSolutionNode = FALSE
	EndGlobalSection
EndGlobal
